// !$*UTF8*$!
{
	archiveVersion = 1;
	classes = {
	};
	objectVersion = 56;
	objects = {

/* Begin PBXBuildFile section */
		02104D05293F0DD30027BDEF /* NavigationStack2Bootcamp.swift in Sources */ = {isa = PBXBuildFile; fileRef = 02104D04293F0DD30027BDEF /* NavigationStack2Bootcamp.swift */; };
		02104D07293F17370027BDEF /* NavigationStackBootcamp3.swift in Sources */ = {isa = PBXBuildFile; fileRef = 02104D06293F17370027BDEF /* NavigationStackBootcamp3.swift */; };
		026BD17E29322EF700664821 /* SwiftUI4_0App.swift in Sources */ = {isa = PBXBuildFile; fileRef = 026BD17D29322EF700664821 /* SwiftUI4_0App.swift */; };
		026BD18029322EF700664821 /* ContentView.swift in Sources */ = {isa = PBXBuildFile; fileRef = 026BD17F29322EF700664821 /* ContentView.swift */; };
		026BD18229322EF900664821 /* Assets.xcassets in Resources */ = {isa = PBXBuildFile; fileRef = 026BD18129322EF900664821 /* Assets.xcassets */; };
		026BD18529322EF900664821 /* Preview Assets.xcassets in Resources */ = {isa = PBXBuildFile; fileRef = 026BD18429322EF900664821 /* Preview Assets.xcassets */; };
		026BD18C29322F2A00664821 /* Charts.swift in Sources */ = {isa = PBXBuildFile; fileRef = 026BD18B29322F2A00664821 /* Charts.swift */; };
		02BBCEC7293A425700AECE0D /* NavigationStackBootcamp.swift in Sources */ = {isa = PBXBuildFile; fileRef = 02BBCEC6293A425700AECE0D /* NavigationStackBootcamp.swift */; };
		02BF3BCE293DE24600C506DB /* otp.swift in Sources */ = {isa = PBXBuildFile; fileRef = 02BF3BCD293DE24600C506DB /* otp.swift */; };
/* End PBXBuildFile section */

/* Begin PBXFileReference section */
		02104D04293F0DD30027BDEF /* NavigationStack2Bootcamp.swift */ = {isa = PBXFileReference; lastKnownFileType = sourcecode.swift; path = NavigationStack2Bootcamp.swift; sourceTree = "<group>"; };
		02104D06293F17370027BDEF /* NavigationStackBootcamp3.swift */ = {isa = PBXFileReference; lastKnownFileType = sourcecode.swift; path = NavigationStackBootcamp3.swift; sourceTree = "<group>"; };
		026BD17A29322EF700664821 /* SwiftUI4.0.app */ = {isa = PBXFileReference; explicitFileType = wrapper.application; includeInIndex = 0; path = SwiftUI4.0.app; sourceTree = BUILT_PRODUCTS_DIR; };
		026BD17D29322EF700664821 /* SwiftUI4_0App.swift */ = {isa = PBXFileReference; lastKnownFileType = sourcecode.swift; path = SwiftUI4_0App.swift; sourceTree = "<group>"; };
		026BD17F29322EF700664821 /* ContentView.swift */ = {isa = PBXFileReference; lastKnownFileType = sourcecode.swift; path = ContentView.swift; sourceTree = "<group>"; };
		026BD18129322EF900664821 /* Assets.xcassets */ = {isa = PBXFileReference; lastKnownFileType = folder.assetcatalog; path = Assets.xcassets; sourceTree = "<group>"; };
		026BD18429322EF900664821 /* Preview Assets.xcassets */ = {isa = PBXFileReference; lastKnownFileType = folder.assetcatalog; path = "Preview Assets.xcassets"; sourceTree = "<group>"; };
		026BD18B29322F2A00664821 /* Charts.swift */ = {isa = PBXFileReference; lastKnownFileType = sourcecode.swift; path = Charts.swift; sourceTree = "<group>"; };
		02BBCEC6293A425700AECE0D /* NavigationStackBootcamp.swift */ = {isa = PBXFileReference; lastKnownFileType = sourcecode.swift; path = NavigationStackBootcamp.swift; sourceTree = "<group>"; };
		02BF3BCD293DE24600C506DB /* otp.swift */ = {isa = PBXFileReference; lastKnownFileType = sourcecode.swift; path = otp.swift; sourceTree = "<group>"; };
/* End PBXFileReference section */

/* Begin PBXFrameworksBuildPhase section */
		026BD17729322EF700664821 /* Frameworks */ = {
			isa = PBXFrameworksBuildPhase;
			buildActionMask = 2147483647;
			files = (
			);
			runOnlyForDeploymentPostprocessing = 0;
		};
/* End PBXFrameworksBuildPhase section */

/* Begin PBXGroup section */
		026BD17129322EF700664821 = {
			isa = PBXGroup;
			children = (
				026BD17C29322EF700664821 /* SwiftUI4.0 */,
				026BD17B29322EF700664821 /* Products */,
			);
			sourceTree = "<group>";
		};
		026BD17B29322EF700664821 /* Products */ = {
			isa = PBXGroup;
			children = (
				026BD17A29322EF700664821 /* SwiftUI4.0.app */,
			);
			name = Products;
			sourceTree = "<group>";
		};
		026BD17C29322EF700664821 /* SwiftUI4.0 */ = {
			isa = PBXGroup;
			children = (
				026BD17D29322EF700664821 /* SwiftUI4_0App.swift */,
				026BD17F29322EF700664821 /* ContentView.swift */,
				02BF3BCD293DE24600C506DB /* otp.swift */,
				026BD18B29322F2A00664821 /* Charts.swift */,
				02BBCEC6293A425700AECE0D /* NavigationStackBootcamp.swift */,
				02104D04293F0DD30027BDEF /* NavigationStack2Bootcamp.swift */,
				02104D06293F17370027BDEF /* NavigationStackBootcamp3.swift */,
				026BD18129322EF900664821 /* Assets.xcassets */,
				026BD18329322EF900664821 /* Preview Content */,
			);
			path = SwiftUI4.0;
			sourceTree = "<group>";
		};
		026BD18329322EF900664821 /* Preview Content */ = {
			isa = PBXGroup;
			children = (
				026BD18429322EF900664821 /* Preview Assets.xcassets */,
			);
			path = "Preview Content";
			sourceTree = "<group>";
		};
/* End PBXGroup section */

/* Begin PBXNativeTarget section */
		026BD17929322EF700664821 /* SwiftUI4.0 */ = {
			isa = PBXNativeTarget;
			buildConfigurationList = 026BD18829322EF900664821 /* Build configuration list for PBXNativeTarget "SwiftUI4.0" */;
			buildPhases = (
				026BD17629322EF700664821 /* Sources */,
				026BD17729322EF700664821 /* Frameworks */,
				026BD17829322EF700664821 /* Resources */,
			);
			buildRules = (
			);
			dependencies = (
			);
			name = SwiftUI4.0;
			productName = SwiftUI4.0;
			productReference = 026BD17A29322EF700664821 /* SwiftUI4.0.app */;
			productType = "com.apple.product-type.application";
		};
/* End PBXNativeTarget section */

/* Begin PBXProject section */
		026BD17229322EF700664821 /* Project object */ = {
			isa = PBXProject;
			attributes = {
				BuildIndependentTargetsInParallel = 1;
				LastSwiftUpdateCheck = 1410;
				LastUpgradeCheck = 1410;
				TargetAttributes = {
					026BD17929322EF700664821 = {
						CreatedOnToolsVersion = 14.1;
					};
				};
			};
			buildConfigurationList = 026BD17529322EF700664821 /* Build configuration list for PBXProject "SwiftUI4.0" */;
			compatibilityVersion = "Xcode 14.0";
			developmentRegion = en;
			hasScannedForEncodings = 0;
			knownRegions = (
				en,
				Base,
			);
			mainGroup = 026BD17129322EF700664821;
			productRefGroup = 026BD17B29322EF700664821 /* Products */;
			projectDirPath = "";
			projectRoot = "";
			targets = (
				026BD17929322EF700664821 /* SwiftUI4.0 */,
			);
		};
/* End PBXProject section */

/* Begin PBXResourcesBuildPhase section */
		026BD17829322EF700664821 /* Resources */ = {
			isa = PBXResourcesBuildPhase;
			buildActionMask = 2147483647;
			files = (
				026BD18529322EF900664821 /* Preview Assets.xcassets in Resources */,
				026BD18229322EF900664821 /* Assets.xcassets in Resources */,
			);
			runOnlyForDeploymentPostprocessing = 0;
		};
/* End PBXResourcesBuildPhase section */

/* Begin PBXSourcesBuildPhase section */
		026BD17629322EF700664821 /* Sources */ = {
			isa = PBXSourcesBuildPhase;
			buildActionMask = 2147483647;
			files = (
				026BD18C29322F2A00664821 /* Charts.swift in Sources */,
				02BF3BCE293DE24600C506DB /* otp.swift in Sources */,
				02104D05293F0DD30027BDEF /* NavigationStack2Bootcamp.swift in Sources */,
				026BD18029322EF700664821 /* ContentView.swift in Sources */,
				02BBCEC7293A425700AECE0D /* NavigationStackBootcamp.swift in Sources */,
				02104D07293F17370027BDEF /* NavigationStackBootcamp3.swift in Sources */,
				026BD17E29322EF700664821 /* SwiftUI4_0App.swift in Sources */,
			);
			runOnlyForDeploymentPostprocessing = 0;
		};
/* End PBXSourcesBuildPhase section */

/* Begin XCBuildConfiguration section */
		026BD18629322EF900664821 /* Debug */ = {
			isa = XCBuildConfiguration;
			buildSettings = {
				ALWAYS_SEARCH_USER_PATHS = NO;
				CLANG_ANALYZER_NONNULL = YES;
				CLANG_ANALYZER_NUMBER_OBJECT_CONVERSION = YES_AGGRESSIVE;
				CLANG_CXX_LANGUAGE_STANDARD = "gnu++20";
				CLANG_ENABLE_MODULES = YES;
				CLANG_ENABLE_OBJC_ARC = YES;
				CLANG_ENABLE_OBJC_WEAK = YES;
				CLANG_WARN_BLOCK_CAPTURE_AUTORELEASING = YES;
				CLANG_WARN_BOOL_CONVERSION = YES;
				CLANG_WARN_COMMA = YES;
				CLANG_WARN_CONSTANT_CONVERSION = YES;
				CLANG_WARN_DEPRECATED_OBJC_IMPLEMENTATIONS = YES;
				CLANG_WARN_DIRECT_OBJC_ISA_USAGE = YES_ERROR;
				CLANG_WARN_DOCUMENTATION_COMMENTS = YES;
				CLANG_WARN_EMPTY_BODY = YES;
				CLANG_WARN_ENUM_CONVERSION = YES;
				CLANG_WARN_INFINITE_RECURSION = YES;
				CLANG_WARN_INT_CONVERSION = YES;
				CLANG_WARN_NON_LITERAL_NULL_CONVERSION = YES;
				CLANG_WARN_OBJC_IMPLICIT_RETAIN_SELF = YES;
				CLANG_WARN_OBJC_LITERAL_CONVERSION = YES;
				CLANG_WARN_OBJC_ROOT_CLASS = YES_ERROR;
				CLANG_WARN_QUOTED_INCLUDE_IN_FRAMEWORK_HEADER = YES;
				CLANG_WARN_RANGE_LOOP_ANALYSIS = YES;
				CLANG_WARN_STRICT_PROTOTYPES = YES;
				CLANG_WARN_SUSPICIOUS_MOVE = YES;
				CLANG_WARN_UNGUARDED_AVAILABILITY = YES_AGGRESSIVE;
				CLANG_WARN_UNREACHABLE_CODE = YES;
				CLANG_WARN__DUPLICATE_METHOD_MATCH = YES;
				COPY_PHASE_STRIP = NO;
				DEBUG_INFORMATION_FORMAT = dwarf;
				ENABLE_STRICT_OBJC_MSGSEND = YES;
				ENABLE_TESTABILITY = YES;
				GCC_C_LANGUAGE_STANDARD = gnu11;
				GCC_DYNAMIC_NO_PIC = NO;
				GCC_NO_COMMON_BLOCKS = YES;
				GCC_OPTIMIZATION_LEVEL = 0;
				GCC_PREPROCESSOR_DEFINITIONS = (
					"DEBUG=1",
					"$(inherited)",
				);
				GCC_WARN_64_TO_32_BIT_CONVERSION = YES;
				GCC_WARN_ABOUT_RETURN_TYPE = YES_ERROR;
				GCC_WARN_UNDECLARED_SELECTOR = YES;
				GCC_WARN_UNINITIALIZED_AUTOS = YES_AGGRESSIVE;
				GCC_WARN_UNUSED_FUNCTION = YES;
				GCC_WARN_UNUSED_VARIABLE = YES;
				IPHONEOS_DEPLOYMENT_TARGET = 16.1;
				MTL_ENABLE_DEBUG_INFO = INCLUDE_SOURCE;
				MTL_FAST_MATH = YES;
				ONLY_ACTIVE_ARCH = YES;
				SDKROOT = iphoneos;
				SWIFT_ACTIVE_COMPILATION_CONDITIONS = DEBUG;
				SWIFT_OPTIMIZATION_LEVEL = "-Onone";
			};
			name = Debug;
		};
		026BD18729322EF900664821 /* Release */ = {
			isa = XCBuildConfiguration;
			buildSettings = {
				ALWAYS_SEARCH_USER_PATHS = NO;
				CLANG_ANALYZER_NONNULL = YES;
				CLANG_ANALYZER_NUMBER_OBJECT_CONVERSION = YES_AGGRESSIVE;
				CLANG_CXX_LANGUAGE_STANDARD = "gnu++20";
				CLANG_ENABLE_MODULES = YES;
				CLANG_ENABLE_OBJC_ARC = YES;
				CLANG_ENABLE_OBJC_WEAK = YES;
				CLANG_WARN_BLOCK_CAPTURE_AUTORELEASING = YES;
				CLANG_WARN_BOOL_CONVERSION = YES;
				CLANG_WARN_COMMA = YES;
				CLANG_WARN_CONSTANT_CONVERSION = YES;
				CLANG_WARN_DEPRECATED_OBJC_IMPLEMENTATIONS = YES;
				CLANG_WARN_DIRECT_OBJC_ISA_USAGE = YES_ERROR;
				CLANG_WARN_DOCUMENTATION_COMMENTS = YES;
				CLANG_WARN_EMPTY_BODY = YES;
				CLANG_WARN_ENUM_CONVERSION = YES;
				CLANG_WARN_INFINITE_RECURSION = YES;
				CLANG_WARN_INT_CONVERSION = YES;
				CLANG_WARN_NON_LITERAL_NULL_CONVERSION = YES;
				CLANG_WARN_OBJC_IMPLICIT_RETAIN_SELF = YES;
				CLANG_WARN_OBJC_LITERAL_CONVERSION = YES;
				CLANG_WARN_OBJC_ROOT_CLASS = YES_ERROR;
				CLANG_WARN_QUOTED_INCLUDE_IN_FRAMEWORK_HEADER = YES;
				CLANG_WARN_RANGE_LOOP_ANALYSIS = YES;
				CLANG_WARN_STRICT_PROTOTYPES = YES;
				CLANG_WARN_SUSPICIOUS_MOVE = YES;
				CLANG_WARN_UNGUARDED_AVAILABILITY = YES_AGGRESSIVE;
				CLANG_WARN_UNREACHABLE_CODE = YES;
				CLANG_WARN__DUPLICATE_METHOD_MATCH = YES;
				COPY_PHASE_STRIP = NO;
				DEBUG_INFORMATION_FORMAT = "dwarf-with-dsym";
				ENABLE_NS_ASSERTIONS = NO;
				ENABLE_STRICT_OBJC_MSGSEND = YES;
				GCC_C_LANGUAGE_STANDARD = gnu11;
				GCC_NO_COMMON_BLOCKS = YES;
				GCC_WARN_64_TO_32_BIT_CONVERSION = YES;
				GCC_WARN_ABOUT_RETURN_TYPE = YES_ERROR;
				GCC_WARN_UNDECLARED_SELECTOR = YES;
				GCC_WARN_UNINITIALIZED_AUTOS = YES_AGGRESSIVE;
				GCC_WARN_UNUSED_FUNCTION = YES;
				GCC_WARN_UNUSED_VARIABLE = YES;
				IPHONEOS_DEPLOYMENT_TARGET = 16.1;
				MTL_ENABLE_DEBUG_INFO = NO;
				MTL_FAST_MATH = YES;
				SDKROOT = iphoneos;
				SWIFT_COMPILATION_MODE = wholemodule;
				SWIFT_OPTIMIZATION_LEVEL = "-O";
				VALIDATE_PRODUCT = YES;
			};
			name = Release;
		};
		026BD18929322EF900664821 /* Debug */ = {
			isa = XCBuildConfiguration;
			buildSettings = {
				ASSETCATALOG_COMPILER_APPICON_NAME = AppIcon;
				ASSETCATALOG_COMPILER_GLOBAL_ACCENT_COLOR_NAME = AccentColor;
				CODE_SIGN_STYLE = Automatic;
				CURRENT_PROJECT_VERSION = 1;
				DEVELOPMENT_ASSET_PATHS = "\"SwiftUI4.0/Preview Content\"";
				DEVELOPMENT_TEAM = 2P5TPA6QV8;
				ENABLE_PREVIEWS = YES;
				GENERATE_INFOPLIST_FILE = YES;
				INFOPLIST_KEY_UIApplicationSceneManifest_Generation = YES;
				INFOPLIST_KEY_UIApplicationSupportsIndirectInputEvents = YES;
				INFOPLIST_KEY_UILaunchScreen_Generation = YES;
				INFOPLIST_KEY_UISupportedInterfaceOrientations_iPad = "UIInterfaceOrientationPortrait UIInterfaceOrientationPortraitUpsideDown UIInterfaceOrientationLandscapeLeft UIInterfaceOrientationLandscapeRight";
				INFOPLIST_KEY_UISupportedInterfaceOrientations_iPhone = "UIInterfaceOrientationPortrait UIInterfaceOrientationLandscapeLeft UIInterfaceOrientationLandscapeRight";
				LD_RUNPATH_SEARCH_PATHS = (
					"$(inherited)",
					"@executable_path/Frameworks",
				);
				MARKETING_VERSION = 1.0;
				PRODUCT_BUNDLE_IDENTIFIER = "com.adarsh-shukla.SwiftUI4-0";
				PRODUCT_NAME = "$(TARGET_NAME)";
				SWIFT_EMIT_LOC_STRINGS = YES;
				SWIFT_VERSION = 5.0;
				TARGETED_DEVICE_FAMILY = "1,2";
			};
			name = Debug;
		};
		026BD18A29322EF900664821 /* Release */ = {
			isa = XCBuildConfiguration;
			buildSettings = {
				ASSETCATALOG_COMPILER_APPICON_NAME = AppIcon;
				ASSETCATALOG_COMPILER_GLOBAL_ACCENT_COLOR_NAME = AccentColor;
				CODE_SIGN_STYLE = Automatic;
				CURRENT_PROJECT_VERSION = 1;
				DEVELOPMENT_ASSET_PATHS = "\"SwiftUI4.0/Preview Content\"";
				DEVELOPMENT_TEAM = 2P5TPA6QV8;
				ENABLE_PREVIEWS = YES;
				GENERATE_INFOPLIST_FILE = YES;
				INFOPLIST_KEY_UIApplicationSceneManifest_Generation = YES;
				INFOPLIST_KEY_UIApplicationSupportsIndirectInputEvents = YES;
				INFOPLIST_KEY_UILaunchScreen_Generation = YES;
				INFOPLIST_KEY_UISupportedInterfaceOrientations_iPad = "UIInterfaceOrientationPortrait UIInterfaceOrientationPortraitUpsideDown UIInterfaceOrientationLandscapeLeft UIInterfaceOrientationLandscapeRight";
				INFOPLIST_KEY_UISupportedInterfaceOrientations_iPhone = "UIInterfaceOrientationPortrait UIInterfaceOrientationLandscapeLeft UIInterfaceOrientationLandscapeRight";
				LD_RUNPATH_SEARCH_PATHS = (
					"$(inherited)",
					"@executable_path/Frameworks",
				);
				MARKETING_VERSION = 1.0;
				PRODUCT_BUNDLE_IDENTIFIER = "com.adarsh-shukla.SwiftUI4-0";
				PRODUCT_NAME = "$(TARGET_NAME)";
				SWIFT_EMIT_LOC_STRINGS = YES;
				SWIFT_VERSION = 5.0;
				TARGETED_DEVICE_FAMILY = "1,2";
			};
			name = Release;
		};
/* End XCBuildConfiguration section */

/* Begin XCConfigurationList section */
		026BD17529322EF700664821 /* Build configuration list for PBXProject "SwiftUI4.0" */ = {
			isa = XCConfigurationList;
			buildConfigurations = (
				026BD18629322EF900664821 /* Debug */,
				026BD18729322EF900664821 /* Release */,
			);
			defaultConfigurationIsVisible = 0;
			defaultConfigurationName = Release;
		};
		026BD18829322EF900664821 /* Build configuration list for PBXNativeTarget "SwiftUI4.0" */ = {
			isa = XCConfigurationList;
			buildConfigurations = (
				026BD18929322EF900664821 /* Debug */,
				026BD18A29322EF900664821 /* Release */,
			);
			defaultConfigurationIsVisible = 0;
			defaultConfigurationName = Release;
		};
/* End XCConfigurationList section */
	};
	rootObject = 026BD17229322EF700664821 /* Project object */;
}
